version = 1
revision = 3
requires-python = ">=3.14"

[[package]]
name = "appdirs"
version = "1.4.4"
source = { registry = "https://pypi.org/simple" }
sdist = { url = "https://files.pythonhosted.org/packages/d7/d8/05696357e0311f5b5c316d7b95f46c669dd9c15aaeecbb48c7d0aeb88c40/appdirs-1.4.4.tar.gz", hash = "sha256:7d5d0167b2b1ba821647616af46a749d1c653740dd0d2415100fe26e27afdf41", size = 13470, upload-time = "2020-05-11T07:59:51.037Z" }
wheels = [
    { url = "https://files.pythonhosted.org/packages/3b/00/2344469e2084fb287c2e0b57b72910309874c3245463acd6cf5e3db69324/appdirs-1.4.4-py2.py3-none-any.whl", hash = "sha256:a841dacd6b99318a741b166adb07e19ee71a274450e68237b4650ca1055ab128", size = 9566, upload-time = "2020-05-11T07:59:49.499Z" },
]

[[package]]
name = "catanytics"
version = "0.1.0"
source = { editable = "." }

[package.dev-dependencies]
dev = [
    { name = "debugpy" },
    { name = "ptpython" },
]

[package.metadata]

[package.metadata.requires-dev]
dev = [
    { name = "debugpy", specifier = ">=1.8.21" },
    { name = "ptpython", specifier = ">=3.0.32" },
]

[[package]]
name = "debugpy"
version = "1.8.21"
source = { registry = "https://pypi.org/simple" }
sdist = { url = "https://files.pythonhosted.org/packages/f2/aa/12037145b7a56eaa5b29b41872f7a21b538e807e13f32c4d3c46e59be084/debugpy-1.8.21.tar.gz", hash = "sha256:a3c53278e84c94e11bd87c53970ec391d1a67396c8b22609fcac576520e611a6", size = 1697577, upload-time = "2026-06-01T19:30:35.156Z" }
wheels = [
    { url = "https://files.pythonhosted.org/packages/ce/3d/f4bbb323a548bfab2af3d6b4ffd9bf22636e55956a1285d317a1de643aad/debugpy-1.8.21-cp314-cp314-macosx_15_0_universal2.whl", hash = "sha256:9bb2a685287a2ac9b181cde89edcec64845cb51de7faaa75badb9a698bc24782", size = 2477209, upload-time = "2026-06-01T19:31:04.157Z" },
    { url = "https://files.pythonhosted.org/packages/8c/2d/6e7ec524984a1702777868de49a4c53202bddac2a432a76a093469587750/debugpy-1.8.21-cp314-cp314-manylinux_2_34_x86_64.whl", hash = "sha256:3d6922439bf33fd38a3e2c447869ebc7b97da5cd3d329ff1ef9bc06c4903437e", size = 3927115, upload-time = "2026-06-01T19:31:05.863Z" },
    { url = "https://files.pythonhosted.org/packages/97/47/d1aa6d64005a98a9144647d99306b419396f9ad7bf1d73c119e17a81fb4d/debugpy-1.8.21-cp314-cp314-win32.whl", hash = "sha256:15d4963bd5ffa48f0da0947fd06757fa7621945048a14ad7705431566d3c0e7c", size = 5336724, upload-time = "2026-06-01T19:31:07.711Z" },
    { url = "https://files.pythonhosted.org/packages/5f/67/b905b90d163af11878c1af8abafa4a25206335e112e284e413454543a6da/debugpy-1.8.21-cp314-cp314-win_amd64.whl", hash = "sha256:fe0744a12353406de0ae8ccff0d0a4a666f00801a3db8fd04e7a5f761cd520e8", size = 5373803, upload-time = "2026-06-01T19:31:09.469Z" },
    { url = "https://files.pythonhosted.org/packages/95/51/67e7cf11a53e40694f720457d5b3a1cdaaa3d5a9a633e482f225456b93ff/debugpy-1.8.21-py2.py3-none-any.whl", hash = "sha256:b1e37d333663c8851516a47364ef473da127f9caebe4417e6df6f5825a7e9a92", size = 5352888, upload-time = "2026-06-01T19:31:25.186Z" },
]

[[package]]
name = "jedi"
version = "0.20.0"
source = { registry = "https://pypi.org/simple" }
dependencies = [
    { name = "parso" },
]
sdist = { url = "https://files.pythonhosted.org/packages/46/b7/a3635f6a2d7cf5b5dd98064fc1d5fbbafcb25477bcea204a3a92145d158b/jedi-0.20.0.tar.gz", hash = "sha256:c3f4ccbd276696f4b19c54618d4fb18f9fc24b0aef02acf704b23f487daa1011", size = 3119416, upload-time = "2026-05-01T23:38:47.814Z" }
wheels = [
    { url = "https://files.pythonhosted.org/packages/9a/93/242e2eab5fe682ffcb8b0084bde703a41d51e17ee0f3a31ff0d9d813620a/jedi-0.20.0-py2.py3-none-any.whl", hash = "sha256:7bdd9c2634f56713299976f4cbd59cb3fa92165cc5e05ea811fb253480728b67", size = 4884812, upload-time = "2026-05-01T23:38:43.919Z" },
]

[[package]]
name = "parso"
version = "0.8.7"
source = { registry = "https://pypi.org/simple" }
sdist = { url = "https://files.pythonhosted.org/packages/30/4b/90c937815137d43ce71ba043cd3566221e9df6b9c805f24b5d138c9d40a7/parso-0.8.7.tar.gz", hash = "sha256:eaaac4c9fdd5e9e8852dc778d2d7405897ec510f2a298071453e5e3a07914bb1", size = 401824, upload-time = "2026-05-01T23:13:02.138Z" }
wheels = [
    { url = "https://files.pythonhosted.org/packages/99/5d/8268b644392ee874ee82a635cd0df1773de230bde356c38de28e298392cc/parso-0.8.7-py2.py3-none-any.whl", hash = "sha256:a8926eb2a1b915486941fdbd31e86a4baf88fe8c210f25f2f35ecec5b574ca1c", size = 107025, upload-time = "2026-05-01T23:12:58.867Z" },
]

[[package]]
name = "prompt-toolkit"
version = "3.0.53"
source = { registry = "https://pypi.org/simple" }
dependencies = [
    { name = "wcwidth" },
]
sdist = { url = "https://files.pythonhosted.org/packages/7d/ea/39b988c938f75cb75d7045b5c69f8bfed47ee2152c8837fb403de29d6fb8/prompt_toolkit-3.0.53.tar.gz", hash = "sha256:9ec8a0ad96d5c56148b3f914aa79c1564c3fde5d2e6b876e7bc327e353cf8fa6", size = 435492, upload-time = "2026-07-26T20:56:14.758Z" }
wheels = [
    { url = "https://files.pythonhosted.org/packages/54/6f/84908cad2d6aa5144abcf7b42709fe4fdb459bc640ec7ac5786e7693dabc/prompt_toolkit-3.0.53-py3-none-any.whl", hash = "sha256:01c0891d7f9237d5e339f7d3e42cdae80b7534abb1c7c0e3352efba6231492f2", size = 392288, upload-time = "2026-07-26T20:56:12.512Z" },
]

[[package]]
name = "ptpython"
version = "3.0.32"
source = { registry = "https://pypi.org/simple" }
dependencies = [
    { name = "appdirs" },
    { name = "jedi" },
    { name = "prompt-toolkit" },
    { name = "pygments" },
]
sdist = { url = "https://files.pythonhosted.org/packages/b6/8c/7e904ceeb512b4530c7ca1d918d3565d694a1fa7df337cdfc36a16347d68/ptpython-3.0.32.tar.gz", hash = "sha256:11651778236de95c582b42737294e50a66ba4a21fa01c0090ea70815af478fe0", size = 74080, upload-time = "2025-11-20T21:20:48.27Z" }
wheels = [
    { url = "https://files.pythonhosted.org/packages/4c/ac/0e35e5d7afd47ab0e2c71293ed2ad18df91a2a4a008c0ff59c2f22def377/ptpython-3.0.32-py3-none-any.whl", hash = "sha256:16435d323e5fc0a685d5f4dc5bb4494fb68ac68736689cd1247e1eda9369b616", size = 68099, upload-time = "2025-11-20T21:20:46.634Z" },
]

[[package]]
name = "pygments"
version = "2.21.0"
source = { registry = "https://pypi.org/simple" }
sdist = { url = "https://files.pythonhosted.org/packages/49/2e/ced460408999b33da6b31b0021b0f37d329e202d4169aeb164493778f25b/pygments-2.21.0.tar.gz", hash = "sha256:610ca751c9bc2492b38eb9a38a7fbc93edbbb2d7182edaf34e66ae493dee5c8c", size = 5005329, upload-time = "2026-08-17T08:02:48.824Z" }
wheels = [
    { url = "https://files.pythonhosted.org/packages/71/46/17f022dd3e953bf20a04a028a21ec746d942f8d2af30fa0f124fa0e6a684/pygments-2.21.0-py3-none-any.whl", hash = "sha256:2363c69b61c4a97c838da3b130dcd6468f4848992b21a82f2a63ec34377137d9", size = 1250147, upload-time = "2026-08-17T08:02:44.912Z" },
]

[[package]]
name = "wcwidth"
version = "0.8.3"
source = { registry = "https://pypi.org/simple" }
sdist = { url = "https://files.pythonhosted.org/packages/36/57/ed58088fafdf4c55a0ad6bde846502567645424d7ebf325230b9237f4085/wcwidth-0.8.3.tar.gz", hash = "sha256:d128512515fbf4612e0ff21fd6380399210318b7b54a9af59dff8454cf9730eb", size = 1458450, upload-time = "2026-08-28T18:10:06.875Z" }
wheels = [
    { url = "https://files.pythonhosted.org/packages/c4/0e/57f6bb3024a597b2e8ec4aee710ffe62ddc95af2e2bb1ee7a7abdc22c68c/wcwidth-0.8.3-py3-none-any.whl", hash = "sha256:d5b73dba6158a595ec9370350e7f2637bcac8d6c5e4fde34f30fcffb6103a5e4", size = 331669, upload-time = "2026-08-28T18:10:04.909Z" },
]
